// !$*UTF8*$!
{
	archiveVersion = 1;
	classes = {
	};
	objectVersion = 46;
	objects = {

/* Begin PBXBuildFile section */
		6B9305121BBFAA0500F67E03 /* main.m in Sources */ = {isa = PBXBuildFile; fileRef = 6B9305111BBFAA0500F67E03 /* main.m */; };
		6B9305151BBFAA0500F67E03 /* AppDelegate.m in Sources */ = {isa = PBXBuildFile; fileRef = 6B9305141BBFAA0500F67E03 /* AppDelegate.m */; };
		6B9305181BBFAA0500F67E03 /* ViewController.m in Sources */ = {isa = PBXBuildFile; fileRef = 6B9305171BBFAA0500F67E03 /* ViewController.m */; };
		6B93051D1BBFAA0500F67E03 /* Images.xcassets in Resources */ = {isa = PBXBuildFile; fileRef = 6B93051C1BBFAA0500F67E03 /* Images.xcassets */; };
		6B9305201BBFAA0500F67E03 /* LaunchScreen.xib in Resources */ = {isa = PBXBuildFile; fileRef = 6B93051E1BBFAA0500F67E03 /* LaunchScreen.xib */; };
		6B93052C1BBFAA0500F67E03 /* MSPTests.m in Sources */ = {isa = PBXBuildFile; fileRef = 6B93052B1BBFAA0500F67E03 /* MSPTests.m */; };
		6B9305371BBFAA8D00F67E03 /* FirstViewController.m in Sources */ = {isa = PBXBuildFile; fileRef = 6B9305361BBFAA8D00F67E03 /* FirstViewController.m */; };
		6B93053A1BBFAB1B00F67E03 /* SecondViewController.m in Sources */ = {isa = PBXBuildFile; fileRef = 6B9305391BBFAB1B00F67E03 /* SecondViewController.m */; };
/* End PBXBuildFile section */

/* Begin PBXContainerItemProxy section */
		6B9305261BBFAA0500F67E03 /* PBXContainerItemProxy */ = {
			isa = PBXContainerItemProxy;
			containerPortal = 6B9305041BBFAA0400F67E03 /* Project object */;
			proxyType = 1;
			remoteGlobalIDString = 6B93050B1BBFAA0500F67E03;
			remoteInfo = MSP;
		};
/* End PBXContainerItemProxy section */

/* Begin PBXFileReference section */
		6B93050C1BBFAA0500F67E03 /* MSP.app */ = {isa = PBXFileReference; explicitFileType = wrapper.application; includeInIndex = 0; path = MSP.app; sourceTree = BUILT_PRODUCTS_DIR; };
		6B9305101BBFAA0500F67E03 /* Info.plist */ = {isa = PBXFileReference; lastKnownFileType = text.plist.xml; path = Info.plist; sourceTree = "<group>"; };
		6B9305111BBFAA0500F67E03 /* main.m */ = {isa = PBXFileReference; lastKnownFileType = sourcecode.c.objc; path = main.m; sourceTree = "<group>"; };
		6B9305131BBFAA0500F67E03 /* AppDelegate.h */ = {isa = PBXFileReference; lastKnownFileType = sourcecode.c.h; path = AppDelegate.h; sourceTree = "<group>"; };
		6B9305141BBFAA0500F67E03 /* AppDelegate.m */ = {isa = PBXFileReference; lastKnownFileType = sourcecode.c.objc; path = AppDelegate.m; sourceTree = "<group>"; };
		6B9305161BBFAA0500F67E03 /* ViewController.h */ = {isa = PBXFileReference; lastKnownFileType = sourcecode.c.h; path = ViewController.h; sourceTree = "<group>"; };
		6B9305171BBFAA0500F67E03 /* ViewController.m */ = {isa = PBXFileReference; lastKnownFileType = sourcecode.c.objc; path = ViewController.m; sourceTree = "<group>"; };
		6B93051C1BBFAA0500F67E03 /* Images.xcassets */ = {isa = PBXFileReference; lastKnownFileType = folder.assetcatalog; path = Images.xcassets; sourceTree = "<group>"; };
		6B93051F1BBFAA0500F67E03 /* Base */ = {isa = PBXFileReference; lastKnownFileType = file.xib; name = Base; path = Base.lproj/LaunchScreen.xib; sourceTree = "<group>"; };
		6B9305251BBFAA0500F67E03 /* MSPTests.xctest */ = {isa = PBXFileReference; explicitFileType = wrapper.cfbundle; includeInIndex = 0; path = MSPTests.xctest; sourceTree = BUILT_PRODUCTS_DIR; };
		6B93052A1BBFAA0500F67E03 /* Info.plist */ = {isa = PBXFileReference; lastKnownFileType = text.plist.xml; path = Info.plist; sourceTree = "<group>"; };
		6B93052B1BBFAA0500F67E03 /* MSPTests.m */ = {isa = PBXFileReference; lastKnownFileType = sourcecode.c.objc; path = MSPTests.m; sourceTree = "<group>"; };
		6B9305351BBFAA8D00F67E03 /* FirstViewController.h */ = {isa = PBXFileReference; fileEncoding = 4; lastKnownFileType = sourcecode.c.h; path = FirstViewController.h; sourceTree = "<group>"; };
		6B9305361BBFAA8D00F67E03 /* FirstViewController.m */ = {isa = PBXFileReference; fileEncoding = 4; lastKnownFileType = sourcecode.c.objc; path = FirstViewController.m; sourceTree = "<group>"; };
		6B9305381BBFAB1B00F67E03 /* SecondViewController.h */ = {isa = PBXFileReference; fileEncoding = 4; lastKnownFileType = sourcecode.c.h; path = SecondViewController.h; sourceTree = "<group>"; };
		6B9305391BBFAB1B00F67E03 /* SecondViewController.m */ = {isa = PBXFileReference; fileEncoding = 4; lastKnownFileType = sourcecode.c.objc; path = SecondViewController.m; sourceTree = "<group>"; };
/* End PBXFileReference section */

/* Begin PBXFrameworksBuildPhase section */
		6B9305091BBFAA0500F67E03 /* Frameworks */ = {
			isa = PBXFrameworksBuildPhase;
			buildActionMask = 2147483647;
			files = (
			);
			runOnlyForDeploymentPostprocessing = 0;
		};
		6B9305221BBFAA0500F67E03 /* Frameworks */ = {
			isa = PBXFrameworksBuildPhase;
			buildActionMask = 2147483647;
			files = (
			);
			runOnlyForDeploymentPostprocessing = 0;
		};
/* End PBXFrameworksBuildPhase section */

/* Begin PBXGroup section */
		6B9305031BBFAA0400F67E03 = {
			isa = PBXGroup;
			children = (
				6B93050E1BBFAA0500F67E03 /* MSP */,
				6B9305281BBFAA0500F67E03 /* MSPTests */,
				6B93050D1BBFAA0500F67E03 /* Products */,
			);
			sourceTree = "<group>";
		};
		6B93050D1BBFAA0500F67E03 /* Products */ = {
			isa = PBXGroup;
			children = (
				6B93050C1BBFAA0500F67E03 /* MSP.app */,
				6B9305251BBFAA0500F67E03 /* MSPTests.xctest */,
			);
			name = Products;
			sourceTree = "<group>";
		};
		6B93050E1BBFAA0500F67E03 /* MSP */ = {
			isa = PBXGroup;
			children = (
				6B9305131BBFAA0500F67E03 /* AppDelegate.h */,
				6B9305141BBFAA0500F67E03 /* AppDelegate.m */,
				6B9305161BBFAA0500F67E03 /* ViewController.h */,
				6B9305171BBFAA0500F67E03 /* ViewController.m */,
				6B93051C1BBFAA0500F67E03 /* Images.xcassets */,
				6B93051E1BBFAA0500F67E03 /* LaunchScreen.xib */,
				6B93050F1BBFAA0500F67E03 /* Supporting Files */,
				6B9305351BBFAA8D00F67E03 /* FirstViewController.h */,
				6B9305361BBFAA8D00F67E03 /* FirstViewController.m */,
				6B9305381BBFAB1B00F67E03 /* SecondViewController.h */,
				6B9305391BBFAB1B00F67E03 /* SecondViewController.m */,
			);
			path = MSP;
			sourceTree = "<group>";
		};
		6B93050F1BBFAA0500F67E03 /* Supporting Files */ = {
			isa = PBXGroup;
			children = (
				6B9305101BBFAA0500F67E03 /* Info.plist */,
				6B9305111BBFAA0500F67E03 /* main.m */,
			);
			name = "Supporting Files";
			sourceTree = "<group>";
		};
		6B9305281BBFAA0500F67E03 /* MSPTests */ = {
			isa = PBXGroup;
			children = (
				6B93052B1BBFAA0500F67E03 /* MSPTests.m */,
				6B9305291BBFAA0500F67E03 /* Supporting Files */,
			);
			path = MSPTests;
			sourceTree = "<group>";
		};
		6B9305291BBFAA0500F67E03 /* Supporting Files */ = {
			isa = PBXGroup;
			children = (
				6B93052A1BBFAA0500F67E03 /* Info.plist */,
			);
			name = "Supporting Files";
			sourceTree = "<group>";
		};
/* End PBXGroup section */

/* Begin PBXNativeTarget section */
		6B93050B1BBFAA0500F67E03 /* MSP */ = {
			isa = PBXNativeTarget;
			buildConfigurationList = 6B93052F1BBFAA0500F67E03 /* Build configuration list for PBXNativeTarget "MSP" */;
			buildPhases = (
				6B9305081BBFAA0500F67E03 /* Sources */,
				6B9305091BBFAA0500F67E03 /* Frameworks */,
				6B93050A1BBFAA0500F67E03 /* Resources */,
			);
			buildRules = (
			);
			dependencies = (
			);
			name = MSP;
			productName = MSP;
			productReference = 6B93050C1BBFAA0500F67E03 /* MSP.app */;
			productType = "com.apple.product-type.application";
		};
		6B9305241BBFAA0500F67E03 /* MSPTests */ = {
			isa = PBXNativeTarget;
			buildConfigurationList = 6B9305321BBFAA0500F67E03 /* Build configuration list for PBXNativeTarget "MSPTests" */;
			buildPhases = (
				6B9305211BBFAA0500F67E03 /* Sources */,
				6B9305221BBFAA0500F67E03 /* Frameworks */,
				6B9305231BBFAA0500F67E03 /* Resources */,
			);
			buildRules = (
			);
			dependencies = (
				6B9305271BBFAA0500F67E03 /* PBXTargetDependency */,
			);
			name = MSPTests;
			productName = MSPTests;
			productReference = 6B9305251BBFAA0500F67E03 /* MSPTests.xctest */;
			productType = "com.apple.product-type.bundle.unit-test";
		};
/* End PBXNativeTarget section */

/* Begin PBXProject section */
		6B9305041BBFAA0400F67E03 /* Project object */ = {
			isa = PBXProject;
			attributes = {
				LastUpgradeCheck = 0630;
				ORGANIZATIONNAME = athira;
				TargetAttributes = {
					6B93050B1BBFAA0500F67E03 = {
						CreatedOnToolsVersion = 6.3.2;
					};
					6B9305241BBFAA0500F67E03 = {
						CreatedOnToolsVersion = 6.3.2;
						TestTargetID = 6B93050B1BBFAA0500F67E03;
					};
				};
			};
			buildConfigurationList = 6B9305071BBFAA0400F67E03 /* Build configuration list for PBXProject "MSP" */;
			compatibilityVersion = "Xcode 3.2";
			developmentRegion = English;
			hasScannedForEncodings = 0;
			knownRegions = (
				en,
				Base,
			);
			mainGroup = 6B9305031BBFAA0400F67E03;
			productRefGroup = 6B93050D1BBFAA0500F67E03 /* Products */;
			projectDirPath = "";
			projectRoot = "";
			targets = (
				6B93050B1BBFAA0500F67E03 /* MSP */,
				6B9305241BBFAA0500F67E03 /* MSPTests */,
			);
		};
/* End PBXProject section */

/* Begin PBXResourcesBuildPhase section */
		6B93050A1BBFAA0500F67E03 /* Resources */ = {
			isa = PBXResourcesBuildPhase;
			buildActionMask = 2147483647;
			files = (
				6B9305201BBFAA0500F67E03 /* LaunchScreen.xib in Resources */,
				6B93051D1BBFAA0500F67E03 /* Images.xcassets in Resources */,
			);
			runOnlyForDeploymentPostprocessing = 0;
		};
		6B9305231BBFAA0500F67E03 /* Resources */ = {
			isa = PBXResourcesBuildPhase;
			buildActionMask = 2147483647;
			files = (
			);
			runOnlyForDeploymentPostprocessing = 0;
		};
/* End PBXResourcesBuildPhase section */

/* Begin PBXSourcesBuildPhase section */
		6B9305081BBFAA0500F67E03 /* Sources */ = {
			isa = PBXSourcesBuildPhase;
			buildActionMask = 2147483647;
			files = (
				6B93053A1BBFAB1B00F67E03 /* SecondViewController.m in Sources */,
				6B9305181BBFAA0500F67E03 /* ViewController.m in Sources */,
				6B9305151BBFAA0500F67E03 /* AppDelegate.m in Sources */,
				6B9305121BBFAA0500F67E03 /* main.m in Sources */,
				6B9305371BBFAA8D00F67E03 /* FirstViewController.m in Sources */,
			);
			runOnlyForDeploymentPostprocessing = 0;
		};
		6B9305211BBFAA0500F67E03 /* Sources */ = {
			isa = PBXSourcesBuildPhase;
			buildActionMask = 2147483647;
			files = (
				6B93052C1BBFAA0500F67E03 /* MSPTests.m in Sources */,
			);
			runOnlyForDeploymentPostprocessing = 0;
		};
/* End PBXSourcesBuildPhase section */

/* Begin PBXTargetDependency section */
		6B9305271BBFAA0500F67E03 /* PBXTargetDependency */ = {
			isa = PBXTargetDependency;
			target = 6B93050B1BBFAA0500F67E03 /* MSP */;
			targetProxy = 6B9305261BBFAA0500F67E03 /* PBXContainerItemProxy */;
		};
/* End PBXTargetDependency section */

/* Begin PBXVariantGroup section */
		6B93051E1BBFAA0500F67E03 /* LaunchScreen.xib */ = {
			isa = PBXVariantGroup;
			children = (
				6B93051F1BBFAA0500F67E03 /* Base */,
			);
			name = LaunchScreen.xib;
			sourceTree = "<group>";
		};
/* End PBXVariantGroup section */

/* Begin XCBuildConfiguration section */
		6B93052D1BBFAA0500F67E03 /* Debug */ = {
			isa = XCBuildConfiguration;
			buildSettings = {
				ALWAYS_SEARCH_USER_PATHS = NO;
				CLANG_CXX_LANGUAGE_STANDARD = "gnu++0x";
				CLANG_CXX_LIBRARY = "libc++";
				CLANG_ENABLE_MODULES = YES;
				CLANG_ENABLE_OBJC_ARC = YES;
				CLANG_WARN_BOOL_CONVERSION = YES;
				CLANG_WARN_CONSTANT_CONVERSION = YES;
				CLANG_WARN_DIRECT_OBJC_ISA_USAGE = YES_ERROR;
				CLANG_WARN_EMPTY_BODY = YES;
				CLANG_WARN_ENUM_CONVERSION = YES;
				CLANG_WARN_INT_CONVERSION = YES;
				CLANG_WARN_OBJC_ROOT_CLASS = YES_ERROR;
				CLANG_WARN_UNREACHABLE_CODE = YES;
				CLANG_WARN__DUPLICATE_METHOD_MATCH = YES;
				"CODE_SIGN_IDENTITY[sdk=iphoneos*]" = "iPhone Developer";
				COPY_PHASE_STRIP = NO;
				DEBUG_INFORMATION_FORMAT = "dwarf-with-dsym";
				ENABLE_STRICT_OBJC_MSGSEND = YES;
				GCC_C_LANGUAGE_STANDARD = gnu99;
				GCC_DYNAMIC_NO_PIC = NO;
				GCC_NO_COMMON_BLOCKS = YES;
				GCC_OPTIMIZATION_LEVEL = 0;
				GCC_PREPROCESSOR_DEFINITIONS = (
					"DEBUG=1",
					"$(inherited)",
				);
				GCC_SYMBOLS_PRIVATE_EXTERN = NO;
				GCC_WARN_64_TO_32_BIT_CONVERSION = YES;
				GCC_WARN_ABOUT_RETURN_TYPE = YES_ERROR;
				GCC_WARN_UNDECLARED_SELECTOR = YES;
				GCC_WARN_UNINITIALIZED_AUTOS = YES_AGGRESSIVE;
				GCC_WARN_UNUSED_FUNCTION = YES;
				GCC_WARN_UNUSED_VARIABLE = YES;
				IPHONEOS_DEPLOYMENT_TARGET = 8.3;
				MTL_ENABLE_DEBUG_INFO = YES;
				ONLY_ACTIVE_ARCH = YES;
				SDKROOT = iphoneos;
			};
			name = Debug;
		};
		6B93052E1BBFAA0500F67E03 /* Release */ = {
			isa = XCBuildConfiguration;
			buildSettings = {
				ALWAYS_SEARCH_USER_PATHS = NO;
				CLANG_CXX_LANGUAGE_STANDARD = "gnu++0x";
				CLANG_CXX_LIBRARY = "libc++";
				CLANG_ENABLE_MODULES = YES;
				CLANG_ENABLE_OBJC_ARC = YES;
				CLANG_WARN_BOOL_CONVERSION = YES;
				CLANG_WARN_CONSTANT_CONVERSION = YES;
				CLANG_WARN_DIRECT_OBJC_ISA_USAGE = YES_ERROR;
				CLANG_WARN_EMPTY_BODY = YES;
				CLANG_WARN_ENUM_CONVERSION = YES;
				CLANG_WARN_INT_CONVERSION = YES;
				CLANG_WARN_OBJC_ROOT_CLASS = YES_ERROR;
				CLANG_WARN_UNREACHABLE_CODE = YES;
				CLANG_WARN__DUPLICATE_METHOD_MATCH = YES;
				"CODE_SIGN_IDENTITY[sdk=iphoneos*]" = "iPhone Developer";
				COPY_PHASE_STRIP = NO;
				DEBUG_INFORMATION_FORMAT = "dwarf-with-dsym";
				ENABLE_NS_ASSERTIONS = NO;
				ENABLE_STRICT_OBJC_MSGSEND = YES;
				GCC_C_LANGUAGE_STANDARD = gnu99;
				GCC_NO_COMMON_BLOCKS = YES;
				GCC_WARN_64_TO_32_BIT_CONVERSION = YES;
				GCC_WARN_ABOUT_RETURN_TYPE = YES_ERROR;
				GCC_WARN_UNDECLARED_SELECTOR = YES;
				GCC_WARN_UNINITIALIZED_AUTOS = YES_AGGRESSIVE;
				GCC_WARN_UNUSED_FUNCTION = YES;
				GCC_WARN_UNUSED_VARIABLE = YES;
				IPHONEOS_DEPLOYMENT_TARGET = 8.3;
				MTL_ENABLE_DEBUG_INFO = NO;
				SDKROOT = iphoneos;
				VALIDATE_PRODUCT = YES;
			};
			name = Release;
		};
		6B9305301BBFAA0500F67E03 /* Debug */ = {
			isa = XCBuildConfiguration;
			buildSettings = {
				ASSETCATALOG_COMPILER_APPICON_NAME = AppIcon;
				INFOPLIST_FILE = MSP/Info.plist;
				LD_RUNPATH_SEARCH_PATHS = "$(inherited) @executable_path/Frameworks";
				PRODUCT_NAME = "$(TARGET_NAME)";
			};
			name = Debug;
		};
		6B9305311BBFAA0500F67E03 /* Release */ = {
			isa = XCBuildConfiguration;
			buildSettings = {
				ASSETCATALOG_COMPILER_APPICON_NAME = AppIcon;
				INFOPLIST_FILE = MSP/Info.plist;
				LD_RUNPATH_SEARCH_PATHS = "$(inherited) @executable_path/Frameworks";
				PRODUCT_NAME = "$(TARGET_NAME)";
			};
			name = Release;
		};
		6B9305331BBFAA0500F67E03 /* Debug */ = {
			isa = XCBuildConfiguration;
			buildSettings = {
				BUNDLE_LOADER = "$(TEST_HOST)";
				FRAMEWORK_SEARCH_PATHS = (
					"$(SDKROOT)/Developer/Library/Frameworks",
					"$(inherited)",
				);
				GCC_PREPROCESSOR_DEFINITIONS = (
					"DEBUG=1",
					"$(inherited)",
				);
				INFOPLIST_FILE = MSPTests/Info.plist;
				LD_RUNPATH_SEARCH_PATHS = "$(inherited) @executable_path/Frameworks @loader_path/Frameworks";
				PRODUCT_NAME = "$(TARGET_NAME)";
				TEST_HOST = "$(BUILT_PRODUCTS_DIR)/MSP.app/MSP";
			};
			name = Debug;
		};
		6B9305341BBFAA0500F67E03 /* Release */ = {
			isa = XCBuildConfiguration;
			buildSettings = {
				BUNDLE_LOADER = "$(TEST_HOST)";
				FRAMEWORK_SEARCH_PATHS = (
					"$(SDKROOT)/Developer/Library/Frameworks",
					"$(inherited)",
				);
				INFOPLIST_FILE = MSPTests/Info.plist;
				LD_RUNPATH_SEARCH_PATHS = "$(inherited) @executable_path/Frameworks @loader_path/Frameworks";
				PRODUCT_NAME = "$(TARGET_NAME)";
				TEST_HOST = "$(BUILT_PRODUCTS_DIR)/MSP.app/MSP";
			};
			name = Release;
		};
/* End XCBuildConfiguration section */

/* Begin XCConfigurationList section */
		6B9305071BBFAA0400F67E03 /* Build configuration list for PBXProject "MSP" */ = {
			isa = XCConfigurationList;
			buildConfigurations = (
				6B93052D1BBFAA0500F67E03 /* Debug */,
				6B93052E1BBFAA0500F67E03 /* Release */,
			);
			defaultConfigurationIsVisible = 0;
			defaultConfigurationName = Release;
		};
		6B93052F1BBFAA0500F67E03 /* Build configuration list for PBXNativeTarget "MSP" */ = {
			isa = XCConfigurationList;
			buildConfigurations = (
				6B9305301BBFAA0500F67E03 /* Debug */,
				6B9305311BBFAA0500F67E03 /* Release */,
			);
			defaultConfigurationIsVisible = 0;
		};
		6B9305321BBFAA0500F67E03 /* Build configuration list for PBXNativeTarget "MSPTests" */ = {
			isa = XCConfigurationList;
			buildConfigurations = (
				6B9305331BBFAA0500F67E03 /* Debug */,
				6B9305341BBFAA0500F67E03 /* Release */,
			);
			defaultConfigurationIsVisible = 0;
		};
/* End XCConfigurationList section */
	};
	rootObject = 6B9305041BBFAA0400F67E03 /* Project object */;
}
