// !$*UTF8*$!
{
	archiveVersion = 1;
	classes = {
	};
	objectVersion = 46;
	objects = {

/* Begin PBXBuildFile section */
		6B3A96811BBFD0D7005F75C1 /* avalambitaka.html in Resources */ = {isa = PBXBuildFile; fileRef = 6B3A962E1BBFD0D6005F75C1 /* avalambitaka.html */; };
		6B3A96821BBFD0D7005F75C1 /* avalambitaka.png in Resources */ = {isa = PBXBuildFile; fileRef = 6B3A962F1BBFD0D6005F75C1 /* avalambitaka.png */; };
		6B3A96831BBFD0D7005F75C1 /* avalambitakaIcon.png in Resources */ = {isa = PBXBuildFile; fileRef = 6B3A96301BBFD0D6005F75C1 /* avalambitakaIcon.png */; };
		6B3A96841BBFD0D7005F75C1 /* bg.png in Resources */ = {isa = PBXBuildFile; fileRef = 6B3A96311BBFD0D6005F75C1 /* bg.png */; };
		6B3A96851BBFD0D7005F75C1 /* bhramara.png in Resources */ = {isa = PBXBuildFile; fileRef = 6B3A96321BBFD0D6005F75C1 /* bhramara.png */; };
		6B3A96861BBFD0D7005F75C1 /* bhramaraDes.html in Resources */ = {isa = PBXBuildFile; fileRef = 6B3A96331BBFD0D6005F75C1 /* bhramaraDes.html */; };
		6B3A96871BBFD0D7005F75C1 /* bhramaraIcon.png in Resources */ = {isa = PBXBuildFile; fileRef = 6B3A96341BBFD0D6005F75C1 /* bhramaraIcon.png */; };
		6B3A96881BBFD0D7005F75C1 /* Default.png in Resources */ = {isa = PBXBuildFile; fileRef = 6B3A96351BBFD0D6005F75C1 /* Default.png */; };
		6B3A96891BBFD0D7005F75C1 /* des-bg.png in Resources */ = {isa = PBXBuildFile; fileRef = 6B3A96361BBFD0D6005F75C1 /* des-bg.png */; };
		6B3A968A1BBFD0D7005F75C1 /* devabandha.png in Resources */ = {isa = PBXBuildFile; fileRef = 6B3A96371BBFD0D6005F75C1 /* devabandha.png */; };
		6B3A968B1BBFD0D7005F75C1 /* devabandhaDes.html in Resources */ = {isa = PBXBuildFile; fileRef = 6B3A96381BBFD0D6005F75C1 /* devabandhaDes.html */; };
		6B3A968C1BBFD0D7005F75C1 /* devabandhaIcon.png in Resources */ = {isa = PBXBuildFile; fileRef = 6B3A96391BBFD0D6005F75C1 /* devabandhaIcon.png */; };
		6B3A968D1BBFD0D7005F75C1 /* Dhenuka.png in Resources */ = {isa = PBXBuildFile; fileRef = 6B3A963A1BBFD0D6005F75C1 /* Dhenuka.png */; };
		6B3A968E1BBFD0D7005F75C1 /* DhenukaDes.html in Resources */ = {isa = PBXBuildFile; fileRef = 6B3A963B1BBFD0D6005F75C1 /* DhenukaDes.html */; };
		6B3A968F1BBFD0D7005F75C1 /* dhenukaIcon.png in Resources */ = {isa = PBXBuildFile; fileRef = 6B3A963C1BBFD0D6005F75C1 /* dhenukaIcon.png */; };
		6B3A96901BBFD0D7005F75C1 /* dola.png in Resources */ = {isa = PBXBuildFile; fileRef = 6B3A963D1BBFD0D6005F75C1 /* dola.png */; };
		6B3A96911BBFD0D7005F75C1 /* DolaDes.html in Resources */ = {isa = PBXBuildFile; fileRef = 6B3A963E1BBFD0D6005F75C1 /* DolaDes.html */; };
		6B3A96921BBFD0D7005F75C1 /* dolaIcon.png in Resources */ = {isa = PBXBuildFile; fileRef = 6B3A963F1BBFD0D6005F75C1 /* dolaIcon.png */; };
		6B3A96931BBFD0D7005F75C1 /* Dolita.png in Resources */ = {isa = PBXBuildFile; fileRef = 6B3A96401BBFD0D6005F75C1 /* Dolita.png */; };
		6B3A96941BBFD0D7005F75C1 /* DolitaDes.html in Resources */ = {isa = PBXBuildFile; fileRef = 6B3A96411BBFD0D6005F75C1 /* DolitaDes.html */; };
		6B3A96951BBFD0D7005F75C1 /* dolitaIcon.png in Resources */ = {isa = PBXBuildFile; fileRef = 6B3A96421BBFD0D6005F75C1 /* dolitaIcon.png */; };
		6B3A96961BBFD0D7005F75C1 /* gramya.png in Resources */ = {isa = PBXBuildFile; fileRef = 6B3A96431BBFD0D6005F75C1 /* gramya.png */; };
		6B3A96971BBFD0D7005F75C1 /* gramyaDes.html in Resources */ = {isa = PBXBuildFile; fileRef = 6B3A96441BBFD0D6005F75C1 /* gramyaDes.html */; };
		6B3A96981BBFD0D7005F75C1 /* gramyaIcon.png in Resources */ = {isa = PBXBuildFile; fileRef = 6B3A96451BBFD0D6005F75C1 /* gramyaIcon.png */; };
		6B3A96991BBFD0D7005F75C1 /* hirana.png in Resources */ = {isa = PBXBuildFile; fileRef = 6B3A96461BBFD0D6005F75C1 /* hirana.png */; };
		6B3A969A1BBFD0D7005F75C1 /* HiranaDes.html in Resources */ = {isa = PBXBuildFile; fileRef = 6B3A96471BBFD0D6005F75C1 /* HiranaDes.html */; };
		6B3A969B1BBFD0D7005F75C1 /* hiranaIcon.png in Resources */ = {isa = PBXBuildFile; fileRef = 6B3A96481BBFD0D6005F75C1 /* hiranaIcon.png */; };
		6B3A969C1BBFD0D7005F75C1 /* Icon.png in Resources */ = {isa = PBXBuildFile; fileRef = 6B3A96491BBFD0D6005F75C1 /* Icon.png */; };
		6B3A969D1BBFD0D7005F75C1 /* iTunesArtWork in Resources */ = {isa = PBXBuildFile; fileRef = 6B3A964A1BBFD0D6005F75C1 /* iTunesArtWork */; };
		6B3A969E1BBFD0D7005F75C1 /* Kshudgaga.png in Resources */ = {isa = PBXBuildFile; fileRef = 6B3A964B1BBFD0D6005F75C1 /* Kshudgaga.png */; };
		6B3A969F1BBFD0D7005F75C1 /* KshudgagaDes.html in Resources */ = {isa = PBXBuildFile; fileRef = 6B3A964C1BBFD0D6005F75C1 /* KshudgagaDes.html */; };
		6B3A96A01BBFD0D7005F75C1 /* KshudgagaIcon.png in Resources */ = {isa = PBXBuildFile; fileRef = 6B3A964D1BBFD0D6005F75C1 /* KshudgagaIcon.png */; };
		6B3A96A11BBFD0D7005F75C1 /* lilasana.png in Resources */ = {isa = PBXBuildFile; fileRef = 6B3A964E1BBFD0D6005F75C1 /* lilasana.png */; };
		6B3A96A21BBFD0D7005F75C1 /* lilasanaDes.html in Resources */ = {isa = PBXBuildFile; fileRef = 6B3A964F1BBFD0D6005F75C1 /* lilasanaDes.html */; };
		6B3A96A31BBFD0D7005F75C1 /* lilasanaIcon.png in Resources */ = {isa = PBXBuildFile; fileRef = 6B3A96501BBFD0D6005F75C1 /* lilasanaIcon.png */; };
		6B3A96A41BBFD0D7005F75C1 /* madandhvaja.png in Resources */ = {isa = PBXBuildFile; fileRef = 6B3A96511BBFD0D6005F75C1 /* madandhvaja.png */; };
		6B3A96A51BBFD0D7005F75C1 /* madandhvajaDes.html in Resources */ = {isa = PBXBuildFile; fileRef = 6B3A96521BBFD0D6005F75C1 /* madandhvajaDes.html */; };
		6B3A96A61BBFD0D7005F75C1 /* madandhvajaIcon.png in Resources */ = {isa = PBXBuildFile; fileRef = 6B3A96531BBFD0D6005F75C1 /* madandhvajaIcon.png */; };
		6B3A96A71BBFD0D7005F75C1 /* manmathpriya.png in Resources */ = {isa = PBXBuildFile; fileRef = 6B3A96541BBFD0D6005F75C1 /* manmathpriya.png */; };
		6B3A96A81BBFD0D7005F75C1 /* manmathpriyaDes.html in Resources */ = {isa = PBXBuildFile; fileRef = 6B3A96551BBFD0D6005F75C1 /* manmathpriyaDes.html */; };
		6B3A96A91BBFD0D7005F75C1 /* manmathpriyaIcon.png in Resources */ = {isa = PBXBuildFile; fileRef = 6B3A96561BBFD0D6005F75C1 /* manmathpriyaIcon.png */; };
		6B3A96AA1BBFD0D7005F75C1 /* marjara.png in Resources */ = {isa = PBXBuildFile; fileRef = 6B3A96571BBFD0D6005F75C1 /* marjara.png */; };
		6B3A96AB1BBFD0D7005F75C1 /* marjaraDes.html in Resources */ = {isa = PBXBuildFile; fileRef = 6B3A96581BBFD0D6005F75C1 /* marjaraDes.html */; };
		6B3A96AC1BBFD0D7005F75C1 /* marjaraIcon.png in Resources */ = {isa = PBXBuildFile; fileRef = 6B3A96591BBFD0D6005F75C1 /* marjaraIcon.png */; };
		6B3A96AD1BBFD0D7005F75C1 /* Padma.png in Resources */ = {isa = PBXBuildFile; fileRef = 6B3A965A1BBFD0D6005F75C1 /* Padma.png */; };
		6B3A96AE1BBFD0D7005F75C1 /* PadmaDes.html in Resources */ = {isa = PBXBuildFile; fileRef = 6B3A965B1BBFD0D6005F75C1 /* PadmaDes.html */; };
		6B3A96AF1BBFD0D7005F75C1 /* padmaIcon.png in Resources */ = {isa = PBXBuildFile; fileRef = 6B3A965C1BBFD0D6005F75C1 /* padmaIcon.png */; };
		6B3A96B01BBFD0D7005F75C1 /* ratipasha.png in Resources */ = {isa = PBXBuildFile; fileRef = 6B3A965D1BBFD0D6005F75C1 /* ratipasha.png */; };
		6B3A96B11BBFD0D7005F75C1 /* ratipashaDes.html in Resources */ = {isa = PBXBuildFile; fileRef = 6B3A965E1BBFD0D6005F75C1 /* ratipashaDes.html */; };
		6B3A96B21BBFD0D7005F75C1 /* ratipashaIcon.png in Resources */ = {isa = PBXBuildFile; fileRef = 6B3A965F1BBFD0D6005F75C1 /* ratipashaIcon.png */; };
		6B3A96B31BBFD0D7005F75C1 /* ratisundara.png in Resources */ = {isa = PBXBuildFile; fileRef = 6B3A96601BBFD0D6005F75C1 /* ratisundara.png */; };
		6B3A96B41BBFD0D7005F75C1 /* ratisundaraDes.html in Resources */ = {isa = PBXBuildFile; fileRef = 6B3A96611BBFD0D6005F75C1 /* ratisundaraDes.html */; };
		6B3A96B51BBFD0D7005F75C1 /* ratisundaraIcon.png in Resources */ = {isa = PBXBuildFile; fileRef = 6B3A96621BBFD0D6005F75C1 /* ratisundaraIcon.png */; };
		6B3A96B61BBFD0D7005F75C1 /* rowBackground.png in Resources */ = {isa = PBXBuildFile; fileRef = 6B3A96631BBFD0D6005F75C1 /* rowBackground.png */; };
		6B3A96B71BBFD0D7005F75C1 /* samdamshaIcon.png in Resources */ = {isa = PBXBuildFile; fileRef = 6B3A96641BBFD0D6005F75C1 /* samdamshaIcon.png */; };
		6B3A96B81BBFD0D7005F75C1 /* samputa.png in Resources */ = {isa = PBXBuildFile; fileRef = 6B3A96651BBFD0D6005F75C1 /* samputa.png */; };
		6B3A96B91BBFD0D7005F75C1 /* samputaDes.html in Resources */ = {isa = PBXBuildFile; fileRef = 6B3A96661BBFD0D6005F75C1 /* samputaDes.html */; };
		6B3A96BA1BBFD0D7005F75C1 /* samputaIcon.png in Resources */ = {isa = PBXBuildFile; fileRef = 6B3A96671BBFD0D6005F75C1 /* samputaIcon.png */; };
		6B3A96BB1BBFD0D7005F75C1 /* Samudamsha.png in Resources */ = {isa = PBXBuildFile; fileRef = 6B3A96681BBFD0D6005F75C1 /* Samudamsha.png */; };
		6B3A96BC1BBFD0D7005F75C1 /* SamudamshaDes.html in Resources */ = {isa = PBXBuildFile; fileRef = 6B3A96691BBFD0D6005F75C1 /* SamudamshaDes.html */; };
		6B3A96BD1BBFD0D7005F75C1 /* splash.png in Resources */ = {isa = PBXBuildFile; fileRef = 6B3A966A1BBFD0D6005F75C1 /* splash.png */; };
		6B3A96BE1BBFD0D7005F75C1 /* sthita.png in Resources */ = {isa = PBXBuildFile; fileRef = 6B3A966B1BBFD0D6005F75C1 /* sthita.png */; };
		6B3A96BF1BBFD0D7005F75C1 /* sthitaDes.html in Resources */ = {isa = PBXBuildFile; fileRef = 6B3A966C1BBFD0D6005F75C1 /* sthitaDes.html */; };
		6B3A96C01BBFD0D7005F75C1 /* sthitaIcon.png in Resources */ = {isa = PBXBuildFile; fileRef = 6B3A966D1BBFD0D6005F75C1 /* sthitaIcon.png */; };
		6B3A96C11BBFD0D7005F75C1 /* svanaka.png in Resources */ = {isa = PBXBuildFile; fileRef = 6B3A966E1BBFD0D6005F75C1 /* svanaka.png */; };
		6B3A96C21BBFD0D7005F75C1 /* SvanakaDes.html in Resources */ = {isa = PBXBuildFile; fileRef = 6B3A966F1BBFD0D6005F75C1 /* SvanakaDes.html */; };
		6B3A96C31BBFD0D7005F75C1 /* svanakaIcon.png in Resources */ = {isa = PBXBuildFile; fileRef = 6B3A96701BBFD0D6005F75C1 /* svanakaIcon.png */; };
		6B3A96C41BBFD0D7005F75C1 /* Test.html in Resources */ = {isa = PBXBuildFile; fileRef = 6B3A96711BBFD0D6005F75C1 /* Test.html */; };
		6B3A96C51BBFD0D7005F75C1 /* Tripadam.png in Resources */ = {isa = PBXBuildFile; fileRef = 6B3A96721BBFD0D6005F75C1 /* Tripadam.png */; };
		6B3A96C61BBFD0D7005F75C1 /* TripadamDes.html in Resources */ = {isa = PBXBuildFile; fileRef = 6B3A96731BBFD0D6005F75C1 /* TripadamDes.html */; };
		6B3A96C71BBFD0D7005F75C1 /* tripadamIcon.png in Resources */ = {isa = PBXBuildFile; fileRef = 6B3A96741BBFD0D6005F75C1 /* tripadamIcon.png */; };
		6B3A96C81BBFD0D7005F75C1 /* uthkanta.png in Resources */ = {isa = PBXBuildFile; fileRef = 6B3A96751BBFD0D6005F75C1 /* uthkanta.png */; };
		6B3A96C91BBFD0D7005F75C1 /* uthkantaDes.html in Resources */ = {isa = PBXBuildFile; fileRef = 6B3A96761BBFD0D6005F75C1 /* uthkantaDes.html */; };
		6B3A96CA1BBFD0D7005F75C1 /* uthkantaIcon.png in Resources */ = {isa = PBXBuildFile; fileRef = 6B3A96771BBFD0D7005F75C1 /* uthkantaIcon.png */; };
		6B3A96CB1BBFD0D7005F75C1 /* vadavaka.png in Resources */ = {isa = PBXBuildFile; fileRef = 6B3A96781BBFD0D7005F75C1 /* vadavaka.png */; };
		6B3A96CC1BBFD0D7005F75C1 /* vadavakaDes.html in Resources */ = {isa = PBXBuildFile; fileRef = 6B3A96791BBFD0D7005F75C1 /* vadavakaDes.html */; };
		6B3A96CD1BBFD0D7005F75C1 /* vadavakaIcon.png in Resources */ = {isa = PBXBuildFile; fileRef = 6B3A967A1BBFD0D7005F75C1 /* vadavakaIcon.png */; };
		6B3A96CE1BBFD0D7005F75C1 /* virsha.png in Resources */ = {isa = PBXBuildFile; fileRef = 6B3A967B1BBFD0D7005F75C1 /* virsha.png */; };
		6B3A96CF1BBFD0D7005F75C1 /* virshaDes.html in Resources */ = {isa = PBXBuildFile; fileRef = 6B3A967C1BBFD0D7005F75C1 /* virshaDes.html */; };
		6B3A96D01BBFD0D7005F75C1 /* virshaIcon.png in Resources */ = {isa = PBXBuildFile; fileRef = 6B3A967D1BBFD0D7005F75C1 /* virshaIcon.png */; };
		6B3A96D11BBFD0D7005F75C1 /* vyomapada.png in Resources */ = {isa = PBXBuildFile; fileRef = 6B3A967E1BBFD0D7005F75C1 /* vyomapada.png */; };
		6B3A96D21BBFD0D7005F75C1 /* vyomapadaDes.html in Resources */ = {isa = PBXBuildFile; fileRef = 6B3A967F1BBFD0D7005F75C1 /* vyomapadaDes.html */; };
		6B3A96D31BBFD0D7005F75C1 /* vyomapadaIcon.png in Resources */ = {isa = PBXBuildFile; fileRef = 6B3A96801BBFD0D7005F75C1 /* vyomapadaIcon.png */; };
		6B469CB41BABDEEF002CF9EF /* main.m in Sources */ = {isa = PBXBuildFile; fileRef = 6B469CB31BABDEEF002CF9EF /* main.m */; };
		6B469CB71BABDEEF002CF9EF /* AppDelegate.m in Sources */ = {isa = PBXBuildFile; fileRef = 6B469CB61BABDEEF002CF9EF /* AppDelegate.m */; };
		6B469CBD1BABDEEF002CF9EF /* Main.storyboard in Resources */ = {isa = PBXBuildFile; fileRef = 6B469CBB1BABDEEF002CF9EF /* Main.storyboard */; };
		6B469CBF1BABDEEF002CF9EF /* Images.xcassets in Resources */ = {isa = PBXBuildFile; fileRef = 6B469CBE1BABDEEF002CF9EF /* Images.xcassets */; };
		6B469CC21BABDEEF002CF9EF /* LaunchScreen.xib in Resources */ = {isa = PBXBuildFile; fileRef = 6B469CC01BABDEEF002CF9EF /* LaunchScreen.xib */; };
		6B469CCE1BABDEEF002CF9EF /* MyTableSampleTests.m in Sources */ = {isa = PBXBuildFile; fileRef = 6B469CCD1BABDEEF002CF9EF /* MyTableSampleTests.m */; };
		6BEF59AB1BABF222002A174D /* DemoTableViewController.m in Sources */ = {isa = PBXBuildFile; fileRef = 6BEF59AA1BABF222002A174D /* DemoTableViewController.m */; };
		6BEF5A091BAC0400002A174D /* MSPWebViewController.m in Sources */ = {isa = PBXBuildFile; fileRef = 6BEF5A081BAC0400002A174D /* MSPWebViewController.m */; };
/* End PBXBuildFile section */

/* Begin PBXContainerItemProxy section */
		6B469CC81BABDEEF002CF9EF /* PBXContainerItemProxy */ = {
			isa = PBXContainerItemProxy;
			containerPortal = 6B469CA61BABDEEF002CF9EF /* Project object */;
			proxyType = 1;
			remoteGlobalIDString = 6B469CAD1BABDEEF002CF9EF;
			remoteInfo = MyTableSample;
		};
/* End PBXContainerItemProxy section */

/* Begin PBXFileReference section */
		6B3A962E1BBFD0D6005F75C1 /* avalambitaka.html */ = {isa = PBXFileReference; fileEncoding = 4; lastKnownFileType = text.html; name = avalambitaka.html; path = "for application/avalambitaka.html"; sourceTree = "<group>"; };
		6B3A962F1BBFD0D6005F75C1 /* avalambitaka.png */ = {isa = PBXFileReference; lastKnownFileType = image.png; name = avalambitaka.png; path = "for application/avalambitaka.png"; sourceTree = "<group>"; };
		6B3A96301BBFD0D6005F75C1 /* avalambitakaIcon.png */ = {isa = PBXFileReference; lastKnownFileType = image.png; name = avalambitakaIcon.png; path = "for application/avalambitakaIcon.png"; sourceTree = "<group>"; };
		6B3A96311BBFD0D6005F75C1 /* bg.png */ = {isa = PBXFileReference; lastKnownFileType = image.png; name = bg.png; path = "for application/bg.png"; sourceTree = "<group>"; };
		6B3A96321BBFD0D6005F75C1 /* bhramara.png */ = {isa = PBXFileReference; lastKnownFileType = image.png; name = bhramara.png; path = "for application/bhramara.png"; sourceTree = "<group>"; };
		6B3A96331BBFD0D6005F75C1 /* bhramaraDes.html */ = {isa = PBXFileReference; fileEncoding = 4; lastKnownFileType = text.html; name = bhramaraDes.html; path = "for application/bhramaraDes.html"; sourceTree = "<group>"; };
		6B3A96341BBFD0D6005F75C1 /* bhramaraIcon.png */ = {isa = PBXFileReference; lastKnownFileType = image.png; name = bhramaraIcon.png; path = "for application/bhramaraIcon.png"; sourceTree = "<group>"; };
		6B3A96351BBFD0D6005F75C1 /* Default.png */ = {isa = PBXFileReference; lastKnownFileType = image.png; name = Default.png; path = "for application/Default.png"; sourceTree = "<group>"; };
		6B3A96361BBFD0D6005F75C1 /* des-bg.png */ = {isa = PBXFileReference; lastKnownFileType = image.png; name = "des-bg.png"; path = "for application/des-bg.png"; sourceTree = "<group>"; };
		6B3A96371BBFD0D6005F75C1 /* devabandha.png */ = {isa = PBXFileReference; lastKnownFileType = image.png; name = devabandha.png; path = "for application/devabandha.png"; sourceTree = "<group>"; };
		6B3A96381BBFD0D6005F75C1 /* devabandhaDes.html */ = {isa = PBXFileReference; fileEncoding = 4; lastKnownFileType = text.html; name = devabandhaDes.html; path = "for application/devabandhaDes.html"; sourceTree = "<group>"; };
		6B3A96391BBFD0D6005F75C1 /* devabandhaIcon.png */ = {isa = PBXFileReference; lastKnownFileType = image.png; name = devabandhaIcon.png; path = "for application/devabandhaIcon.png"; sourceTree = "<group>"; };
		6B3A963A1BBFD0D6005F75C1 /* Dhenuka.png */ = {isa = PBXFileReference; lastKnownFileType = image.png; name = Dhenuka.png; path = "for application/Dhenuka.png"; sourceTree = "<group>"; };
		6B3A963B1BBFD0D6005F75C1 /* DhenukaDes.html */ = {isa = PBXFileReference; fileEncoding = 4; lastKnownFileType = text.html; name = DhenukaDes.html; path = "for application/DhenukaDes.html"; sourceTree = "<group>"; };
		6B3A963C1BBFD0D6005F75C1 /* dhenukaIcon.png */ = {isa = PBXFileReference; lastKnownFileType = image.png; name = dhenukaIcon.png; path = "for application/dhenukaIcon.png"; sourceTree = "<group>"; };
		6B3A963D1BBFD0D6005F75C1 /* dola.png */ = {isa = PBXFileReference; lastKnownFileType = image.png; name = dola.png; path = "for application/dola.png"; sourceTree = "<group>"; };
		6B3A963E1BBFD0D6005F75C1 /* DolaDes.html */ = {isa = PBXFileReference; fileEncoding = 4; lastKnownFileType = text.html; name = DolaDes.html; path = "for application/DolaDes.html"; sourceTree = "<group>"; };
		6B3A963F1BBFD0D6005F75C1 /* dolaIcon.png */ = {isa = PBXFileReference; lastKnownFileType = image.png; name = dolaIcon.png; path = "for application/dolaIcon.png"; sourceTree = "<group>"; };
		6B3A96401BBFD0D6005F75C1 /* Dolita.png */ = {isa = PBXFileReference; lastKnownFileType = image.png; name = Dolita.png; path = "for application/Dolita.png"; sourceTree = "<group>"; };
		6B3A96411BBFD0D6005F75C1 /* DolitaDes.html */ = {isa = PBXFileReference; fileEncoding = 4; lastKnownFileType = text.html; name = DolitaDes.html; path = "for application/DolitaDes.html"; sourceTree = "<group>"; };
		6B3A96421BBFD0D6005F75C1 /* dolitaIcon.png */ = {isa = PBXFileReference; lastKnownFileType = image.png; name = dolitaIcon.png; path = "for application/dolitaIcon.png"; sourceTree = "<group>"; };
		6B3A96431BBFD0D6005F75C1 /* gramya.png */ = {isa = PBXFileReference; lastKnownFileType = image.png; name = gramya.png; path = "for application/gramya.png"; sourceTree = "<group>"; };
		6B3A96441BBFD0D6005F75C1 /* gramyaDes.html */ = {isa = PBXFileReference; fileEncoding = 4; lastKnownFileType = text.html; name = gramyaDes.html; path = "for application/gramyaDes.html"; sourceTree = "<group>"; };
		6B3A96451BBFD0D6005F75C1 /* gramyaIcon.png */ = {isa = PBXFileReference; lastKnownFileType = image.png; name = gramyaIcon.png; path = "for application/gramyaIcon.png"; sourceTree = "<group>"; };
		6B3A96461BBFD0D6005F75C1 /* hirana.png */ = {isa = PBXFileReference; lastKnownFileType = image.png; name = hirana.png; path = "for application/hirana.png"; sourceTree = "<group>"; };
		6B3A96471BBFD0D6005F75C1 /* HiranaDes.html */ = {isa = PBXFileReference; fileEncoding = 4; lastKnownFileType = text.html; name = HiranaDes.html; path = "for application/HiranaDes.html"; sourceTree = "<group>"; };
		6B3A96481BBFD0D6005F75C1 /* hiranaIcon.png */ = {isa = PBXFileReference; lastKnownFileType = image.png; name = hiranaIcon.png; path = "for application/hiranaIcon.png"; sourceTree = "<group>"; };
		6B3A96491BBFD0D6005F75C1 /* Icon.png */ = {isa = PBXFileReference; lastKnownFileType = image.png; name = Icon.png; path = "for application/Icon.png"; sourceTree = "<group>"; };
		6B3A964A1BBFD0D6005F75C1 /* iTunesArtWork */ = {isa = PBXFileReference; lastKnownFileType = file; name = iTunesArtWork; path = "for application/iTunesArtWork"; sourceTree = "<group>"; };
		6B3A964B1BBFD0D6005F75C1 /* Kshudgaga.png */ = {isa = PBXFileReference; lastKnownFileType = image.png; name = Kshudgaga.png; path = "for application/Kshudgaga.png"; sourceTree = "<group>"; };
		6B3A964C1BBFD0D6005F75C1 /* KshudgagaDes.html */ = {isa = PBXFileReference; fileEncoding = 4; lastKnownFileType = text.html; name = KshudgagaDes.html; path = "for application/KshudgagaDes.html"; sourceTree = "<group>"; };
		6B3A964D1BBFD0D6005F75C1 /* KshudgagaIcon.png */ = {isa = PBXFileReference; lastKnownFileType = image.png; name = KshudgagaIcon.png; path = "for application/KshudgagaIcon.png"; sourceTree = "<group>"; };
		6B3A964E1BBFD0D6005F75C1 /* lilasana.png */ = {isa = PBXFileReference; lastKnownFileType = image.png; name = lilasana.png; path = "for application/lilasana.png"; sourceTree = "<group>"; };
		6B3A964F1BBFD0D6005F75C1 /* lilasanaDes.html */ = {isa = PBXFileReference; fileEncoding = 4; lastKnownFileType = text.html; name = lilasanaDes.html; path = "for application/lilasanaDes.html"; sourceTree = "<group>"; };
		6B3A96501BBFD0D6005F75C1 /* lilasanaIcon.png */ = {isa = PBXFileReference; lastKnownFileType = image.png; name = lilasanaIcon.png; path = "for application/lilasanaIcon.png"; sourceTree = "<group>"; };
		6B3A96511BBFD0D6005F75C1 /* madandhvaja.png */ = {isa = PBXFileReference; lastKnownFileType = image.png; name = madandhvaja.png; path = "for application/madandhvaja.png"; sourceTree = "<group>"; };
		6B3A96521BBFD0D6005F75C1 /* madandhvajaDes.html */ = {isa = PBXFileReference; fileEncoding = 4; lastKnownFileType = text.html; name = madandhvajaDes.html; path = "for application/madandhvajaDes.html"; sourceTree = "<group>"; };
		6B3A96531BBFD0D6005F75C1 /* madandhvajaIcon.png */ = {isa = PBXFileReference; lastKnownFileType = image.png; name = madandhvajaIcon.png; path = "for application/madandhvajaIcon.png"; sourceTree = "<group>"; };
		6B3A96541BBFD0D6005F75C1 /* manmathpriya.png */ = {isa = PBXFileReference; lastKnownFileType = image.png; name = manmathpriya.png; path = "for application/manmathpriya.png"; sourceTree = "<group>"; };
		6B3A96551BBFD0D6005F75C1 /* manmathpriyaDes.html */ = {isa = PBXFileReference; fileEncoding = 4; lastKnownFileType = text.html; name = manmathpriyaDes.html; path = "for application/manmathpriyaDes.html"; sourceTree = "<group>"; };
		6B3A96561BBFD0D6005F75C1 /* manmathpriyaIcon.png */ = {isa = PBXFileReference; lastKnownFileType = image.png; name = manmathpriyaIcon.png; path = "for application/manmathpriyaIcon.png"; sourceTree = "<group>"; };
		6B3A96571BBFD0D6005F75C1 /* marjara.png */ = {isa = PBXFileReference; lastKnownFileType = image.png; name = marjara.png; path = "for application/marjara.png"; sourceTree = "<group>"; };
		6B3A96581BBFD0D6005F75C1 /* marjaraDes.html */ = {isa = PBXFileReference; fileEncoding = 4; lastKnownFileType = text.html; name = marjaraDes.html; path = "for application/marjaraDes.html"; sourceTree = "<group>"; };
		6B3A96591BBFD0D6005F75C1 /* marjaraIcon.png */ = {isa = PBXFileReference; lastKnownFileType = image.png; name = marjaraIcon.png; path = "for application/marjaraIcon.png"; sourceTree = "<group>"; };
		6B3A965A1BBFD0D6005F75C1 /* Padma.png */ = {isa = PBXFileReference; lastKnownFileType = image.png; name = Padma.png; path = "for application/Padma.png"; sourceTree = "<group>"; };
		6B3A965B1BBFD0D6005F75C1 /* PadmaDes.html */ = {isa = PBXFileReference; fileEncoding = 4; lastKnownFileType = text.html; name = PadmaDes.html; path = "for application/PadmaDes.html"; sourceTree = "<group>"; };
		6B3A965C1BBFD0D6005F75C1 /* padmaIcon.png */ = {isa = PBXFileReference; lastKnownFileType = image.png; name = padmaIcon.png; path = "for application/padmaIcon.png"; sourceTree = "<group>"; };
		6B3A965D1BBFD0D6005F75C1 /* ratipasha.png */ = {isa = PBXFileReference; lastKnownFileType = image.png; name = ratipasha.png; path = "for application/ratipasha.png"; sourceTree = "<group>"; };
		6B3A965E1BBFD0D6005F75C1 /* ratipashaDes.html */ = {isa = PBXFileReference; fileEncoding = 4; lastKnownFileType = text.html; name = ratipashaDes.html; path = "for application/ratipashaDes.html"; sourceTree = "<group>"; };
		6B3A965F1BBFD0D6005F75C1 /* ratipashaIcon.png */ = {isa = PBXFileReference; lastKnownFileType = image.png; name = ratipashaIcon.png; path = "for application/ratipashaIcon.png"; sourceTree = "<group>"; };
		6B3A96601BBFD0D6005F75C1 /* ratisundara.png */ = {isa = PBXFileReference; lastKnownFileType = image.png; name = ratisundara.png; path = "for application/ratisundara.png"; sourceTree = "<group>"; };
		6B3A96611BBFD0D6005F75C1 /* ratisundaraDes.html */ = {isa = PBXFileReference; fileEncoding = 4; lastKnownFileType = text.html; name = ratisundaraDes.html; path = "for application/ratisundaraDes.html"; sourceTree = "<group>"; };
		6B3A96621BBFD0D6005F75C1 /* ratisundaraIcon.png */ = {isa = PBXFileReference; lastKnownFileType = image.png; name = ratisundaraIcon.png; path = "for application/ratisundaraIcon.png"; sourceTree = "<group>"; };
		6B3A96631BBFD0D6005F75C1 /* rowBackground.png */ = {isa = PBXFileReference; lastKnownFileType = image.png; name = rowBackground.png; path = "for application/rowBackground.png"; sourceTree = "<group>"; };
		6B3A96641BBFD0D6005F75C1 /* samdamshaIcon.png */ = {isa = PBXFileReference; lastKnownFileType = image.png; name = samdamshaIcon.png; path = "for application/samdamshaIcon.png"; sourceTree = "<group>"; };
		6B3A96651BBFD0D6005F75C1 /* samputa.png */ = {isa = PBXFileReference; lastKnownFileType = image.png; name = samputa.png; path = "for application/samputa.png"; sourceTree = "<group>"; };
		6B3A96661BBFD0D6005F75C1 /* samputaDes.html */ = {isa = PBXFileReference; fileEncoding = 4; lastKnownFileType = text.html; name = samputaDes.html; path = "for application/samputaDes.html"; sourceTree = "<group>"; };
		6B3A96671BBFD0D6005F75C1 /* samputaIcon.png */ = {isa = PBXFileReference; lastKnownFileType = image.png; name = samputaIcon.png; path = "for application/samputaIcon.png"; sourceTree = "<group>"; };
		6B3A96681BBFD0D6005F75C1 /* Samudamsha.png */ = {isa = PBXFileReference; lastKnownFileType = image.png; name = Samudamsha.png; path = "for application/Samudamsha.png"; sourceTree = "<group>"; };
		6B3A96691BBFD0D6005F75C1 /* SamudamshaDes.html */ = {isa = PBXFileReference; fileEncoding = 4; lastKnownFileType = text.html; name = SamudamshaDes.html; path = "for application/SamudamshaDes.html"; sourceTree = "<group>"; };
		6B3A966A1BBFD0D6005F75C1 /* splash.png */ = {isa = PBXFileReference; lastKnownFileType = image.png; name = splash.png; path = "for application/splash.png"; sourceTree = "<group>"; };
		6B3A966B1BBFD0D6005F75C1 /* sthita.png */ = {isa = PBXFileReference; lastKnownFileType = image.png; name = sthita.png; path = "for application/sthita.png"; sourceTree = "<group>"; };
		6B3A966C1BBFD0D6005F75C1 /* sthitaDes.html */ = {isa = PBXFileReference; fileEncoding = 4; lastKnownFileType = text.html; name = sthitaDes.html; path = "for application/sthitaDes.html"; sourceTree = "<group>"; };
		6B3A966D1BBFD0D6005F75C1 /* sthitaIcon.png */ = {isa = PBXFileReference; lastKnownFileType = image.png; name = sthitaIcon.png; path = "for application/sthitaIcon.png"; sourceTree = "<group>"; };
		6B3A966E1BBFD0D6005F75C1 /* svanaka.png */ = {isa = PBXFileReference; lastKnownFileType = image.png; name = svanaka.png; path = "for application/svanaka.png"; sourceTree = "<group>"; };
		6B3A966F1BBFD0D6005F75C1 /* SvanakaDes.html */ = {isa = PBXFileReference; fileEncoding = 4; lastKnownFileType = text.html; name = SvanakaDes.html; path = "for application/SvanakaDes.html"; sourceTree = "<group>"; };
		6B3A96701BBFD0D6005F75C1 /* svanakaIcon.png */ = {isa = PBXFileReference; lastKnownFileType = image.png; name = svanakaIcon.png; path = "for application/svanakaIcon.png"; sourceTree = "<group>"; };
		6B3A96711BBFD0D6005F75C1 /* Test.html */ = {isa = PBXFileReference; fileEncoding = 4; lastKnownFileType = text.html; name = Test.html; path = "for application/Test.html"; sourceTree = "<group>"; };
		6B3A96721BBFD0D6005F75C1 /* Tripadam.png */ = {isa = PBXFileReference; lastKnownFileType = image.png; name = Tripadam.png; path = "for application/Tripadam.png"; sourceTree = "<group>"; };
		6B3A96731BBFD0D6005F75C1 /* TripadamDes.html */ = {isa = PBXFileReference; fileEncoding = 4; lastKnownFileType = text.html; name = TripadamDes.html; path = "for application/TripadamDes.html"; sourceTree = "<group>"; };
		6B3A96741BBFD0D6005F75C1 /* tripadamIcon.png */ = {isa = PBXFileReference; lastKnownFileType = image.png; name = tripadamIcon.png; path = "for application/tripadamIcon.png"; sourceTree = "<group>"; };
		6B3A96751BBFD0D6005F75C1 /* uthkanta.png */ = {isa = PBXFileReference; lastKnownFileType = image.png; name = uthkanta.png; path = "for application/uthkanta.png"; sourceTree = "<group>"; };
		6B3A96761BBFD0D6005F75C1 /* uthkantaDes.html */ = {isa = PBXFileReference; fileEncoding = 4; lastKnownFileType = text.html; name = uthkantaDes.html; path = "for application/uthkantaDes.html"; sourceTree = "<group>"; };
		6B3A96771BBFD0D7005F75C1 /* uthkantaIcon.png */ = {isa = PBXFileReference; lastKnownFileType = image.png; name = uthkantaIcon.png; path = "for application/uthkantaIcon.png"; sourceTree = "<group>"; };
		6B3A96781BBFD0D7005F75C1 /* vadavaka.png */ = {isa = PBXFileReference; lastKnownFileType = image.png; name = vadavaka.png; path = "for application/vadavaka.png"; sourceTree = "<group>"; };
		6B3A96791BBFD0D7005F75C1 /* vadavakaDes.html */ = {isa = PBXFileReference; fileEncoding = 4; lastKnownFileType = text.html; name = vadavakaDes.html; path = "for application/vadavakaDes.html"; sourceTree = "<group>"; };
		6B3A967A1BBFD0D7005F75C1 /* vadavakaIcon.png */ = {isa = PBXFileReference; lastKnownFileType = image.png; name = vadavakaIcon.png; path = "for application/vadavakaIcon.png"; sourceTree = "<group>"; };
		6B3A967B1BBFD0D7005F75C1 /* virsha.png */ = {isa = PBXFileReference; lastKnownFileType = image.png; name = virsha.png; path = "for application/virsha.png"; sourceTree = "<group>"; };
		6B3A967C1BBFD0D7005F75C1 /* virshaDes.html */ = {isa = PBXFileReference; fileEncoding = 4; lastKnownFileType = text.html; name = virshaDes.html; path = "for application/virshaDes.html"; sourceTree = "<group>"; };
		6B3A967D1BBFD0D7005F75C1 /* virshaIcon.png */ = {isa = PBXFileReference; lastKnownFileType = image.png; name = virshaIcon.png; path = "for application/virshaIcon.png"; sourceTree = "<group>"; };
		6B3A967E1BBFD0D7005F75C1 /* vyomapada.png */ = {isa = PBXFileReference; lastKnownFileType = image.png; name = vyomapada.png; path = "for application/vyomapada.png"; sourceTree = "<group>"; };
		6B3A967F1BBFD0D7005F75C1 /* vyomapadaDes.html */ = {isa = PBXFileReference; fileEncoding = 4; lastKnownFileType = text.html; name = vyomapadaDes.html; path = "for application/vyomapadaDes.html"; sourceTree = "<group>"; };
		6B3A96801BBFD0D7005F75C1 /* vyomapadaIcon.png */ = {isa = PBXFileReference; lastKnownFileType = image.png; name = vyomapadaIcon.png; path = "for application/vyomapadaIcon.png"; sourceTree = "<group>"; };
		6B469CAE1BABDEEF002CF9EF /* MyTableSample.app */ = {isa = PBXFileReference; explicitFileType = wrapper.application; includeInIndex = 0; path = MyTableSample.app; sourceTree = BUILT_PRODUCTS_DIR; };
		6B469CB21BABDEEF002CF9EF /* Info.plist */ = {isa = PBXFileReference; lastKnownFileType = text.plist.xml; path = Info.plist; sourceTree = "<group>"; };
		6B469CB31BABDEEF002CF9EF /* main.m */ = {isa = PBXFileReference; lastKnownFileType = sourcecode.c.objc; path = main.m; sourceTree = "<group>"; };
		6B469CB51BABDEEF002CF9EF /* AppDelegate.h */ = {isa = PBXFileReference; lastKnownFileType = sourcecode.c.h; path = AppDelegate.h; sourceTree = "<group>"; };
		6B469CB61BABDEEF002CF9EF /* AppDelegate.m */ = {isa = PBXFileReference; lastKnownFileType = sourcecode.c.objc; path = AppDelegate.m; sourceTree = "<group>"; };
		6B469CBC1BABDEEF002CF9EF /* Base */ = {isa = PBXFileReference; lastKnownFileType = file.storyboard; name = Base; path = Base.lproj/Main.storyboard; sourceTree = "<group>"; };
		6B469CBE1BABDEEF002CF9EF /* Images.xcassets */ = {isa = PBXFileReference; lastKnownFileType = folder.assetcatalog; path = Images.xcassets; sourceTree = "<group>"; };
		6B469CC11BABDEEF002CF9EF /* Base */ = {isa = PBXFileReference; lastKnownFileType = file.xib; name = Base; path = Base.lproj/LaunchScreen.xib; sourceTree = "<group>"; };
		6B469CC71BABDEEF002CF9EF /* MyTableSampleTests.xctest */ = {isa = PBXFileReference; explicitFileType = wrapper.cfbundle; includeInIndex = 0; path = MyTableSampleTests.xctest; sourceTree = BUILT_PRODUCTS_DIR; };
		6B469CCC1BABDEEF002CF9EF /* Info.plist */ = {isa = PBXFileReference; lastKnownFileType = text.plist.xml; path = Info.plist; sourceTree = "<group>"; };
		6B469CCD1BABDEEF002CF9EF /* MyTableSampleTests.m */ = {isa = PBXFileReference; lastKnownFileType = sourcecode.c.objc; path = MyTableSampleTests.m; sourceTree = "<group>"; };
		6BEF59A91BABF222002A174D /* DemoTableViewController.h */ = {isa = PBXFileReference; fileEncoding = 4; lastKnownFileType = sourcecode.c.h; path = DemoTableViewController.h; sourceTree = "<group>"; };
		6BEF59AA1BABF222002A174D /* DemoTableViewController.m */ = {isa = PBXFileReference; fileEncoding = 4; lastKnownFileType = sourcecode.c.objc; path = DemoTableViewController.m; sourceTree = "<group>"; };
		6BEF59AC1BABF347002A174D /* MSPConstants.h */ = {isa = PBXFileReference; fileEncoding = 4; lastKnownFileType = sourcecode.c.h; name = MSPConstants.h; path = ../MSPConstants.h; sourceTree = "<group>"; };
		6BEF5A071BAC0400002A174D /* MSPWebViewController.h */ = {isa = PBXFileReference; fileEncoding = 4; lastKnownFileType = sourcecode.c.h; name = MSPWebViewController.h; path = ../MSPWebViewController.h; sourceTree = "<group>"; };
		6BEF5A081BAC0400002A174D /* MSPWebViewController.m */ = {isa = PBXFileReference; fileEncoding = 4; lastKnownFileType = sourcecode.c.objc; name = MSPWebViewController.m; path = ../MSPWebViewController.m; sourceTree = "<group>"; };
		6BEF5A0B1BAC05C9002A174D /* MSPApplicationDelegate.h */ = {isa = PBXFileReference; lastKnownFileType = sourcecode.c.h; name = MSPApplicationDelegate.h; path = ../MSPApplicationDelegate.h; sourceTree = "<group>"; };
/* End PBXFileReference section */

/* Begin PBXFrameworksBuildPhase section */
		6B469CAB1BABDEEF002CF9EF /* Frameworks */ = {
			isa = PBXFrameworksBuildPhase;
			buildActionMask = 2147483647;
			files = (
			);
			runOnlyForDeploymentPostprocessing = 0;
		};
		6B469CC41BABDEEF002CF9EF /* Frameworks */ = {
			isa = PBXFrameworksBuildPhase;
			buildActionMask = 2147483647;
			files = (
			);
			runOnlyForDeploymentPostprocessing = 0;
		};
/* End PBXFrameworksBuildPhase section */

/* Begin PBXGroup section */
		6B469CA51BABDEEF002CF9EF = {
			isa = PBXGroup;
			children = (
				6BEF59D71BABF3AB002A174D /* Resources */,
				6B469CB01BABDEEF002CF9EF /* MyTableSample */,
				6B469CCA1BABDEEF002CF9EF /* MyTableSampleTests */,
				6B469CAF1BABDEEF002CF9EF /* Products */,
			);
			sourceTree = "<group>";
		};
		6B469CAF1BABDEEF002CF9EF /* Products */ = {
			isa = PBXGroup;
			children = (
				6B469CAE1BABDEEF002CF9EF /* MyTableSample.app */,
				6B469CC71BABDEEF002CF9EF /* MyTableSampleTests.xctest */,
			);
			name = Products;
			sourceTree = "<group>";
		};
		6B469CB01BABDEEF002CF9EF /* MyTableSample */ = {
			isa = PBXGroup;
			children = (
				6B469CB51BABDEEF002CF9EF /* AppDelegate.h */,
				6B469CB61BABDEEF002CF9EF /* AppDelegate.m */,
				6B469CBB1BABDEEF002CF9EF /* Main.storyboard */,
				6B469CBE1BABDEEF002CF9EF /* Images.xcassets */,
				6B469CC01BABDEEF002CF9EF /* LaunchScreen.xib */,
				6B656D381BB835E1007BDFF4 /* New Group */,
				6BEF59A91BABF222002A174D /* DemoTableViewController.h */,
				6BEF59AA1BABF222002A174D /* DemoTableViewController.m */,
				6BEF5A071BAC0400002A174D /* MSPWebViewController.h */,
				6BEF5A081BAC0400002A174D /* MSPWebViewController.m */,
				6BEF59AC1BABF347002A174D /* MSPConstants.h */,
			);
			path = MyTableSample;
			sourceTree = "<group>";
		};
		6B469CB11BABDEEF002CF9EF /* Supporting Files */ = {
			isa = PBXGroup;
			children = (
				6B469CB21BABDEEF002CF9EF /* Info.plist */,
				6B469CB31BABDEEF002CF9EF /* main.m */,
				6BEF5A0B1BAC05C9002A174D /* MSPApplicationDelegate.h */,
			);
			name = "Supporting Files";
			sourceTree = "<group>";
		};
		6B469CCA1BABDEEF002CF9EF /* MyTableSampleTests */ = {
			isa = PBXGroup;
			children = (
				6B469CCD1BABDEEF002CF9EF /* MyTableSampleTests.m */,
				6B469CCB1BABDEEF002CF9EF /* Supporting Files */,
			);
			path = MyTableSampleTests;
			sourceTree = "<group>";
		};
		6B469CCB1BABDEEF002CF9EF /* Supporting Files */ = {
			isa = PBXGroup;
			children = (
				6B469CCC1BABDEEF002CF9EF /* Info.plist */,
			);
			name = "Supporting Files";
			sourceTree = "<group>";
		};
		6B656D381BB835E1007BDFF4 /* New Group */ = {
			isa = PBXGroup;
			children = (
				6B469CB11BABDEEF002CF9EF /* Supporting Files */,
			);
			name = "New Group";
			sourceTree = "<group>";
		};
		6BEF59D71BABF3AB002A174D /* Resources */ = {
			isa = PBXGroup;
			children = (
				6B3A962E1BBFD0D6005F75C1 /* avalambitaka.html */,
				6B3A962F1BBFD0D6005F75C1 /* avalambitaka.png */,
				6B3A96301BBFD0D6005F75C1 /* avalambitakaIcon.png */,
				6B3A96311BBFD0D6005F75C1 /* bg.png */,
				6B3A96321BBFD0D6005F75C1 /* bhramara.png */,
				6B3A96331BBFD0D6005F75C1 /* bhramaraDes.html */,
				6B3A96341BBFD0D6005F75C1 /* bhramaraIcon.png */,
				6B3A96351BBFD0D6005F75C1 /* Default.png */,
				6B3A96361BBFD0D6005F75C1 /* des-bg.png */,
				6B3A96371BBFD0D6005F75C1 /* devabandha.png */,
				6B3A96381BBFD0D6005F75C1 /* devabandhaDes.html */,
				6B3A96391BBFD0D6005F75C1 /* devabandhaIcon.png */,
				6B3A963A1BBFD0D6005F75C1 /* Dhenuka.png */,
				6B3A963B1BBFD0D6005F75C1 /* DhenukaDes.html */,
				6B3A963C1BBFD0D6005F75C1 /* dhenukaIcon.png */,
				6B3A963D1BBFD0D6005F75C1 /* dola.png */,
				6B3A963E1BBFD0D6005F75C1 /* DolaDes.html */,
				6B3A963F1BBFD0D6005F75C1 /* dolaIcon.png */,
				6B3A96401BBFD0D6005F75C1 /* Dolita.png */,
				6B3A96411BBFD0D6005F75C1 /* DolitaDes.html */,
				6B3A96421BBFD0D6005F75C1 /* dolitaIcon.png */,
				6B3A96431BBFD0D6005F75C1 /* gramya.png */,
				6B3A96441BBFD0D6005F75C1 /* gramyaDes.html */,
				6B3A96451BBFD0D6005F75C1 /* gramyaIcon.png */,
				6B3A96461BBFD0D6005F75C1 /* hirana.png */,
				6B3A96471BBFD0D6005F75C1 /* HiranaDes.html */,
				6B3A96481BBFD0D6005F75C1 /* hiranaIcon.png */,
				6B3A96491BBFD0D6005F75C1 /* Icon.png */,
				6B3A964A1BBFD0D6005F75C1 /* iTunesArtWork */,
				6B3A964B1BBFD0D6005F75C1 /* Kshudgaga.png */,
				6B3A964C1BBFD0D6005F75C1 /* KshudgagaDes.html */,
				6B3A964D1BBFD0D6005F75C1 /* KshudgagaIcon.png */,
				6B3A964E1BBFD0D6005F75C1 /* lilasana.png */,
				6B3A964F1BBFD0D6005F75C1 /* lilasanaDes.html */,
				6B3A96501BBFD0D6005F75C1 /* lilasanaIcon.png */,
				6B3A96511BBFD0D6005F75C1 /* madandhvaja.png */,
				6B3A96521BBFD0D6005F75C1 /* madandhvajaDes.html */,
				6B3A96531BBFD0D6005F75C1 /* madandhvajaIcon.png */,
				6B3A96541BBFD0D6005F75C1 /* manmathpriya.png */,
				6B3A96551BBFD0D6005F75C1 /* manmathpriyaDes.html */,
				6B3A96561BBFD0D6005F75C1 /* manmathpriyaIcon.png */,
				6B3A96571BBFD0D6005F75C1 /* marjara.png */,
				6B3A96581BBFD0D6005F75C1 /* marjaraDes.html */,
				6B3A96591BBFD0D6005F75C1 /* marjaraIcon.png */,
				6B3A965A1BBFD0D6005F75C1 /* Padma.png */,
				6B3A965B1BBFD0D6005F75C1 /* PadmaDes.html */,
				6B3A965C1BBFD0D6005F75C1 /* padmaIcon.png */,
				6B3A965D1BBFD0D6005F75C1 /* ratipasha.png */,
				6B3A965E1BBFD0D6005F75C1 /* ratipashaDes.html */,
				6B3A965F1BBFD0D6005F75C1 /* ratipashaIcon.png */,
				6B3A96601BBFD0D6005F75C1 /* ratisundara.png */,
				6B3A96611BBFD0D6005F75C1 /* ratisundaraDes.html */,
				6B3A96621BBFD0D6005F75C1 /* ratisundaraIcon.png */,
				6B3A96631BBFD0D6005F75C1 /* rowBackground.png */,
				6B3A96641BBFD0D6005F75C1 /* samdamshaIcon.png */,
				6B3A96651BBFD0D6005F75C1 /* samputa.png */,
				6B3A96661BBFD0D6005F75C1 /* samputaDes.html */,
				6B3A96671BBFD0D6005F75C1 /* samputaIcon.png */,
				6B3A96681BBFD0D6005F75C1 /* Samudamsha.png */,
				6B3A96691BBFD0D6005F75C1 /* SamudamshaDes.html */,
				6B3A966A1BBFD0D6005F75C1 /* splash.png */,
				6B3A966B1BBFD0D6005F75C1 /* sthita.png */,
				6B3A966C1BBFD0D6005F75C1 /* sthitaDes.html */,
				6B3A966D1BBFD0D6005F75C1 /* sthitaIcon.png */,
				6B3A966E1BBFD0D6005F75C1 /* svanaka.png */,
				6B3A966F1BBFD0D6005F75C1 /* SvanakaDes.html */,
				6B3A96701BBFD0D6005F75C1 /* svanakaIcon.png */,
				6B3A96711BBFD0D6005F75C1 /* Test.html */,
				6B3A96721BBFD0D6005F75C1 /* Tripadam.png */,
				6B3A96731BBFD0D6005F75C1 /* TripadamDes.html */,
				6B3A96741BBFD0D6005F75C1 /* tripadamIcon.png */,
				6B3A96751BBFD0D6005F75C1 /* uthkanta.png */,
				6B3A96761BBFD0D6005F75C1 /* uthkantaDes.html */,
				6B3A96771BBFD0D7005F75C1 /* uthkantaIcon.png */,
				6B3A96781BBFD0D7005F75C1 /* vadavaka.png */,
				6B3A96791BBFD0D7005F75C1 /* vadavakaDes.html */,
				6B3A967A1BBFD0D7005F75C1 /* vadavakaIcon.png */,
				6B3A967B1BBFD0D7005F75C1 /* virsha.png */,
				6B3A967C1BBFD0D7005F75C1 /* virshaDes.html */,
				6B3A967D1BBFD0D7005F75C1 /* virshaIcon.png */,
				6B3A967E1BBFD0D7005F75C1 /* vyomapada.png */,
				6B3A967F1BBFD0D7005F75C1 /* vyomapadaDes.html */,
				6B3A96801BBFD0D7005F75C1 /* vyomapadaIcon.png */,
			);
			name = Resources;
			sourceTree = "<group>";
		};
/* End PBXGroup section */

/* Begin PBXNativeTarget section */
		6B469CAD1BABDEEF002CF9EF /* MyTableSample */ = {
			isa = PBXNativeTarget;
			buildConfigurationList = 6B469CD11BABDEEF002CF9EF /* Build configuration list for PBXNativeTarget "MyTableSample" */;
			buildPhases = (
				6B469CAA1BABDEEF002CF9EF /* Sources */,
				6B469CAB1BABDEEF002CF9EF /* Frameworks */,
				6B469CAC1BABDEEF002CF9EF /* Resources */,
			);
			buildRules = (
			);
			dependencies = (
			);
			name = MyTableSample;
			productName = MyTableSample;
			productReference = 6B469CAE1BABDEEF002CF9EF /* MyTableSample.app */;
			productType = "com.apple.product-type.application";
		};
		6B469CC61BABDEEF002CF9EF /* MyTableSampleTests */ = {
			isa = PBXNativeTarget;
			buildConfigurationList = 6B469CD41BABDEEF002CF9EF /* Build configuration list for PBXNativeTarget "MyTableSampleTests" */;
			buildPhases = (
				6B469CC31BABDEEF002CF9EF /* Sources */,
				6B469CC41BABDEEF002CF9EF /* Frameworks */,
				6B469CC51BABDEEF002CF9EF /* Resources */,
			);
			buildRules = (
			);
			dependencies = (
				6B469CC91BABDEEF002CF9EF /* PBXTargetDependency */,
			);
			name = MyTableSampleTests;
			productName = MyTableSampleTests;
			productReference = 6B469CC71BABDEEF002CF9EF /* MyTableSampleTests.xctest */;
			productType = "com.apple.product-type.bundle.unit-test";
		};
/* End PBXNativeTarget section */

/* Begin PBXProject section */
		6B469CA61BABDEEF002CF9EF /* Project object */ = {
			isa = PBXProject;
			attributes = {
				LastUpgradeCheck = 0630;
				ORGANIZATIONNAME = athira;
				TargetAttributes = {
					6B469CAD1BABDEEF002CF9EF = {
						CreatedOnToolsVersion = 6.3.2;
						DevelopmentTeam = JNYM4YNRC3;
					};
					6B469CC61BABDEEF002CF9EF = {
						CreatedOnToolsVersion = 6.3.2;
						TestTargetID = 6B469CAD1BABDEEF002CF9EF;
					};
				};
			};
			buildConfigurationList = 6B469CA91BABDEEF002CF9EF /* Build configuration list for PBXProject "MyTableSample" */;
			compatibilityVersion = "Xcode 3.2";
			developmentRegion = English;
			hasScannedForEncodings = 0;
			knownRegions = (
				en,
				Base,
			);
			mainGroup = 6B469CA51BABDEEF002CF9EF;
			productRefGroup = 6B469CAF1BABDEEF002CF9EF /* Products */;
			projectDirPath = "";
			projectRoot = "";
			targets = (
				6B469CAD1BABDEEF002CF9EF /* MyTableSample */,
				6B469CC61BABDEEF002CF9EF /* MyTableSampleTests */,
			);
		};
/* End PBXProject section */

/* Begin PBXResourcesBuildPhase section */
		6B469CAC1BABDEEF002CF9EF /* Resources */ = {
			isa = PBXResourcesBuildPhase;
			buildActionMask = 2147483647;
			files = (
				6B469CBD1BABDEEF002CF9EF /* Main.storyboard in Resources */,
				6B3A96CA1BBFD0D7005F75C1 /* uthkantaIcon.png in Resources */,
				6B3A969B1BBFD0D7005F75C1 /* hiranaIcon.png in Resources */,
				6B469CC21BABDEEF002CF9EF /* LaunchScreen.xib in Resources */,
				6B3A96BB1BBFD0D7005F75C1 /* Samudamsha.png in Resources */,
				6B3A96971BBFD0D7005F75C1 /* gramyaDes.html in Resources */,
				6B3A96931BBFD0D7005F75C1 /* Dolita.png in Resources */,
				6B3A96B11BBFD0D7005F75C1 /* ratipashaDes.html in Resources */,
				6B3A96A31BBFD0D7005F75C1 /* lilasanaIcon.png in Resources */,
				6B3A96BD1BBFD0D7005F75C1 /* splash.png in Resources */,
				6B3A96BA1BBFD0D7005F75C1 /* samputaIcon.png in Resources */,
				6B3A96CD1BBFD0D7005F75C1 /* vadavakaIcon.png in Resources */,
				6B3A96BC1BBFD0D7005F75C1 /* SamudamshaDes.html in Resources */,
				6B3A96941BBFD0D7005F75C1 /* DolitaDes.html in Resources */,
				6B3A96A81BBFD0D7005F75C1 /* manmathpriyaDes.html in Resources */,
				6B3A968C1BBFD0D7005F75C1 /* devabandhaIcon.png in Resources */,
				6B3A96961BBFD0D7005F75C1 /* gramya.png in Resources */,
				6B3A96C11BBFD0D7005F75C1 /* svanaka.png in Resources */,
				6B3A96871BBFD0D7005F75C1 /* bhramaraIcon.png in Resources */,
				6B3A96891BBFD0D7005F75C1 /* des-bg.png in Resources */,
				6B3A96B51BBFD0D7005F75C1 /* ratisundaraIcon.png in Resources */,
				6B3A969A1BBFD0D7005F75C1 /* HiranaDes.html in Resources */,
				6B3A96C61BBFD0D7005F75C1 /* TripadamDes.html in Resources */,
				6B3A969E1BBFD0D7005F75C1 /* Kshudgaga.png in Resources */,
				6B3A96AB1BBFD0D7005F75C1 /* marjaraDes.html in Resources */,
				6B3A96AD1BBFD0D7005F75C1 /* Padma.png in Resources */,
				6B3A96B71BBFD0D7005F75C1 /* samdamshaIcon.png in Resources */,
				6B3A96951BBFD0D7005F75C1 /* dolitaIcon.png in Resources */,
				6B3A96A71BBFD0D7005F75C1 /* manmathpriya.png in Resources */,
				6B3A96C91BBFD0D7005F75C1 /* uthkantaDes.html in Resources */,
				6B3A96A01BBFD0D7005F75C1 /* KshudgagaIcon.png in Resources */,
				6B3A96D21BBFD0D7005F75C1 /* vyomapadaDes.html in Resources */,
				6B3A96D01BBFD0D7005F75C1 /* virshaIcon.png in Resources */,
				6B3A96861BBFD0D7005F75C1 /* bhramaraDes.html in Resources */,
				6B3A96CE1BBFD0D7005F75C1 /* virsha.png in Resources */,
				6B3A96811BBFD0D7005F75C1 /* avalambitaka.html in Resources */,
				6B3A96B31BBFD0D7005F75C1 /* ratisundara.png in Resources */,
				6B3A96A51BBFD0D7005F75C1 /* madandhvajaDes.html in Resources */,
				6B3A969C1BBFD0D7005F75C1 /* Icon.png in Resources */,
				6B3A969D1BBFD0D7005F75C1 /* iTunesArtWork in Resources */,
				6B469CBF1BABDEEF002CF9EF /* Images.xcassets in Resources */,
				6B3A96B21BBFD0D7005F75C1 /* ratipashaIcon.png in Resources */,
				6B3A96B81BBFD0D7005F75C1 /* samputa.png in Resources */,
				6B3A96C31BBFD0D7005F75C1 /* svanakaIcon.png in Resources */,
				6B3A96A41BBFD0D7005F75C1 /* madandhvaja.png in Resources */,
				6B3A96AE1BBFD0D7005F75C1 /* PadmaDes.html in Resources */,
				6B3A96B91BBFD0D7005F75C1 /* samputaDes.html in Resources */,
				6B3A968A1BBFD0D7005F75C1 /* devabandha.png in Resources */,
				6B3A96C41BBFD0D7005F75C1 /* Test.html in Resources */,
				6B3A96841BBFD0D7005F75C1 /* bg.png in Resources */,
				6B3A96BF1BBFD0D7005F75C1 /* sthitaDes.html in Resources */,
				6B3A96D11BBFD0D7005F75C1 /* vyomapada.png in Resources */,
				6B3A96AA1BBFD0D7005F75C1 /* marjara.png in Resources */,
				6B3A96CB1BBFD0D7005F75C1 /* vadavaka.png in Resources */,
				6B3A96851BBFD0D7005F75C1 /* bhramara.png in Resources */,
				6B3A96991BBFD0D7005F75C1 /* hirana.png in Resources */,
				6B3A96AC1BBFD0D7005F75C1 /* marjaraIcon.png in Resources */,
				6B3A96831BBFD0D7005F75C1 /* avalambitakaIcon.png in Resources */,
				6B3A96C51BBFD0D7005F75C1 /* Tripadam.png in Resources */,
				6B3A96C81BBFD0D7005F75C1 /* uthkanta.png in Resources */,
				6B3A96981BBFD0D7005F75C1 /* gramyaIcon.png in Resources */,
				6B3A96901BBFD0D7005F75C1 /* dola.png in Resources */,
				6B3A96821BBFD0D7005F75C1 /* avalambitaka.png in Resources */,
				6B3A96B61BBFD0D7005F75C1 /* rowBackground.png in Resources */,
				6B3A96881BBFD0D7005F75C1 /* Default.png in Resources */,
				6B3A96C01BBFD0D7005F75C1 /* sthitaIcon.png in Resources */,
				6B3A96AF1BBFD0D7005F75C1 /* padmaIcon.png in Resources */,
				6B3A96CC1BBFD0D7005F75C1 /* vadavakaDes.html in Resources */,
				6B3A96C71BBFD0D7005F75C1 /* tripadamIcon.png in Resources */,
				6B3A96C21BBFD0D7005F75C1 /* SvanakaDes.html in Resources */,
				6B3A96A61BBFD0D7005F75C1 /* madandhvajaIcon.png in Resources */,
				6B3A96CF1BBFD0D7005F75C1 /* virshaDes.html in Resources */,
				6B3A96B41BBFD0D7005F75C1 /* ratisundaraDes.html in Resources */,
				6B3A969F1BBFD0D7005F75C1 /* KshudgagaDes.html in Resources */,
				6B3A96911BBFD0D7005F75C1 /* DolaDes.html in Resources */,
				6B3A968E1BBFD0D7005F75C1 /* DhenukaDes.html in Resources */,
				6B3A96921BBFD0D7005F75C1 /* dolaIcon.png in Resources */,
				6B3A96D31BBFD0D7005F75C1 /* vyomapadaIcon.png in Resources */,
				6B3A96A21BBFD0D7005F75C1 /* lilasanaDes.html in Resources */,
				6B3A96A91BBFD0D7005F75C1 /* manmathpriyaIcon.png in Resources */,
				6B3A96A11BBFD0D7005F75C1 /* lilasana.png in Resources */,
				6B3A96B01BBFD0D7005F75C1 /* ratipasha.png in Resources */,
				6B3A968D1BBFD0D7005F75C1 /* Dhenuka.png in Resources */,
				6B3A968B1BBFD0D7005F75C1 /* devabandhaDes.html in Resources */,
				6B3A968F1BBFD0D7005F75C1 /* dhenukaIcon.png in Resources */,
				6B3A96BE1BBFD0D7005F75C1 /* sthita.png in Resources */,
			);
			runOnlyForDeploymentPostprocessing = 0;
		};
		6B469CC51BABDEEF002CF9EF /* Resources */ = {
			isa = PBXResourcesBuildPhase;
			buildActionMask = 2147483647;
			files = (
			);
			runOnlyForDeploymentPostprocessing = 0;
		};
/* End PBXResourcesBuildPhase section */

/* Begin PBXSourcesBuildPhase section */
		6B469CAA1BABDEEF002CF9EF /* Sources */ = {
			isa = PBXSourcesBuildPhase;
			buildActionMask = 2147483647;
			files = (
				6BEF59AB1BABF222002A174D /* DemoTableViewController.m in Sources */,
				6B469CB71BABDEEF002CF9EF /* AppDelegate.m in Sources */,
				6BEF5A091BAC0400002A174D /* MSPWebViewController.m in Sources */,
				6B469CB41BABDEEF002CF9EF /* main.m in Sources */,
			);
			runOnlyForDeploymentPostprocessing = 0;
		};
		6B469CC31BABDEEF002CF9EF /* Sources */ = {
			isa = PBXSourcesBuildPhase;
			buildActionMask = 2147483647;
			files = (
				6B469CCE1BABDEEF002CF9EF /* MyTableSampleTests.m in Sources */,
			);
			runOnlyForDeploymentPostprocessing = 0;
		};
/* End PBXSourcesBuildPhase section */

/* Begin PBXTargetDependency section */
		6B469CC91BABDEEF002CF9EF /* PBXTargetDependency */ = {
			isa = PBXTargetDependency;
			target = 6B469CAD1BABDEEF002CF9EF /* MyTableSample */;
			targetProxy = 6B469CC81BABDEEF002CF9EF /* PBXContainerItemProxy */;
		};
/* End PBXTargetDependency section */

/* Begin PBXVariantGroup section */
		6B469CBB1BABDEEF002CF9EF /* Main.storyboard */ = {
			isa = PBXVariantGroup;
			children = (
				6B469CBC1BABDEEF002CF9EF /* Base */,
			);
			name = Main.storyboard;
			sourceTree = "<group>";
		};
		6B469CC01BABDEEF002CF9EF /* LaunchScreen.xib */ = {
			isa = PBXVariantGroup;
			children = (
				6B469CC11BABDEEF002CF9EF /* Base */,
			);
			name = LaunchScreen.xib;
			sourceTree = "<group>";
		};
/* End PBXVariantGroup section */

/* Begin XCBuildConfiguration section */
		6B469CCF1BABDEEF002CF9EF /* Debug */ = {
			isa = XCBuildConfiguration;
			buildSettings = {
				ALWAYS_SEARCH_USER_PATHS = NO;
				CLANG_CXX_LANGUAGE_STANDARD = "gnu++0x";
				CLANG_CXX_LIBRARY = "libc++";
				CLANG_ENABLE_MODULES = YES;
				CLANG_ENABLE_OBJC_ARC = YES;
				CLANG_WARN_BOOL_CONVERSION = YES;
				CLANG_WARN_CONSTANT_CONVERSION = YES;
				CLANG_WARN_DIRECT_OBJC_ISA_USAGE = YES_ERROR;
				CLANG_WARN_EMPTY_BODY = YES;
				CLANG_WARN_ENUM_CONVERSION = YES;
				CLANG_WARN_INT_CONVERSION = YES;
				CLANG_WARN_OBJC_ROOT_CLASS = YES_ERROR;
				CLANG_WARN_UNREACHABLE_CODE = YES;
				CLANG_WARN__DUPLICATE_METHOD_MATCH = YES;
				"CODE_SIGN_IDENTITY[sdk=iphoneos*]" = "iPhone Developer";
				COPY_PHASE_STRIP = NO;
				DEBUG_INFORMATION_FORMAT = "dwarf-with-dsym";
				ENABLE_STRICT_OBJC_MSGSEND = YES;
				GCC_C_LANGUAGE_STANDARD = gnu99;
				GCC_DYNAMIC_NO_PIC = NO;
				GCC_NO_COMMON_BLOCKS = YES;
				GCC_OPTIMIZATION_LEVEL = 0;
				GCC_PREPROCESSOR_DEFINITIONS = (
					"DEBUG=1",
					"$(inherited)",
				);
				GCC_SYMBOLS_PRIVATE_EXTERN = NO;
				GCC_WARN_64_TO_32_BIT_CONVERSION = YES;
				GCC_WARN_ABOUT_RETURN_TYPE = YES_ERROR;
				GCC_WARN_UNDECLARED_SELECTOR = YES;
				GCC_WARN_UNINITIALIZED_AUTOS = YES_AGGRESSIVE;
				GCC_WARN_UNUSED_FUNCTION = YES;
				GCC_WARN_UNUSED_VARIABLE = YES;
				IPHONEOS_DEPLOYMENT_TARGET = 8.3;
				MTL_ENABLE_DEBUG_INFO = YES;
				ONLY_ACTIVE_ARCH = YES;
				SDKROOT = iphoneos;
			};
			name = Debug;
		};
		6B469CD01BABDEEF002CF9EF /* Release */ = {
			isa = XCBuildConfiguration;
			buildSettings = {
				ALWAYS_SEARCH_USER_PATHS = NO;
				CLANG_CXX_LANGUAGE_STANDARD = "gnu++0x";
				CLANG_CXX_LIBRARY = "libc++";
				CLANG_ENABLE_MODULES = YES;
				CLANG_ENABLE_OBJC_ARC = YES;
				CLANG_WARN_BOOL_CONVERSION = YES;
				CLANG_WARN_CONSTANT_CONVERSION = YES;
				CLANG_WARN_DIRECT_OBJC_ISA_USAGE = YES_ERROR;
				CLANG_WARN_EMPTY_BODY = YES;
				CLANG_WARN_ENUM_CONVERSION = YES;
				CLANG_WARN_INT_CONVERSION = YES;
				CLANG_WARN_OBJC_ROOT_CLASS = YES_ERROR;
				CLANG_WARN_UNREACHABLE_CODE = YES;
				CLANG_WARN__DUPLICATE_METHOD_MATCH = YES;
				"CODE_SIGN_IDENTITY[sdk=iphoneos*]" = "iPhone Developer";
				COPY_PHASE_STRIP = NO;
				DEBUG_INFORMATION_FORMAT = "dwarf-with-dsym";
				ENABLE_NS_ASSERTIONS = NO;
				ENABLE_STRICT_OBJC_MSGSEND = YES;
				GCC_C_LANGUAGE_STANDARD = gnu99;
				GCC_NO_COMMON_BLOCKS = YES;
				GCC_WARN_64_TO_32_BIT_CONVERSION = YES;
				GCC_WARN_ABOUT_RETURN_TYPE = YES_ERROR;
				GCC_WARN_UNDECLARED_SELECTOR = YES;
				GCC_WARN_UNINITIALIZED_AUTOS = YES_AGGRESSIVE;
				GCC_WARN_UNUSED_FUNCTION = YES;
				GCC_WARN_UNUSED_VARIABLE = YES;
				IPHONEOS_DEPLOYMENT_TARGET = 8.3;
				MTL_ENABLE_DEBUG_INFO = NO;
				SDKROOT = iphoneos;
				VALIDATE_PRODUCT = YES;
			};
			name = Release;
		};
		6B469CD21BABDEEF002CF9EF /* Debug */ = {
			isa = XCBuildConfiguration;
			buildSettings = {
				ASSETCATALOG_COMPILER_APPICON_NAME = AppIcon;
				CODE_SIGN_IDENTITY = "iPhone Developer";
				"CODE_SIGN_IDENTITY[sdk=iphoneos*]" = "iPhone Developer";
				INFOPLIST_FILE = MyTableSample/Info.plist;
				IPHONEOS_DEPLOYMENT_TARGET = 5.0;
				LD_RUNPATH_SEARCH_PATHS = "$(inherited) @executable_path/Frameworks";
				PRODUCT_NAME = "$(TARGET_NAME)";
				PROVISIONING_PROFILE = "";
			};
			name = Debug;
		};
		6B469CD31BABDEEF002CF9EF /* Release */ = {
			isa = XCBuildConfiguration;
			buildSettings = {
				ASSETCATALOG_COMPILER_APPICON_NAME = AppIcon;
				CODE_SIGN_IDENTITY = "iPhone Developer";
				"CODE_SIGN_IDENTITY[sdk=iphoneos*]" = "iPhone Developer";
				INFOPLIST_FILE = MyTableSample/Info.plist;
				IPHONEOS_DEPLOYMENT_TARGET = 5.0;
				LD_RUNPATH_SEARCH_PATHS = "$(inherited) @executable_path/Frameworks";
				PRODUCT_NAME = "$(TARGET_NAME)";
				PROVISIONING_PROFILE = "";
			};
			name = Release;
		};
		6B469CD51BABDEEF002CF9EF /* Debug */ = {
			isa = XCBuildConfiguration;
			buildSettings = {
				BUNDLE_LOADER = "$(TEST_HOST)";
				FRAMEWORK_SEARCH_PATHS = (
					"$(SDKROOT)/Developer/Library/Frameworks",
					"$(inherited)",
				);
				GCC_PREPROCESSOR_DEFINITIONS = (
					"DEBUG=1",
					"$(inherited)",
				);
				INFOPLIST_FILE = MyTableSampleTests/Info.plist;
				LD_RUNPATH_SEARCH_PATHS = "$(inherited) @executable_path/Frameworks @loader_path/Frameworks";
				PRODUCT_NAME = "$(TARGET_NAME)";
				TEST_HOST = "$(BUILT_PRODUCTS_DIR)/MyTableSample.app/MyTableSample";
			};
			name = Debug;
		};
		6B469CD61BABDEEF002CF9EF /* Release */ = {
			isa = XCBuildConfiguration;
			buildSettings = {
				BUNDLE_LOADER = "$(TEST_HOST)";
				FRAMEWORK_SEARCH_PATHS = (
					"$(SDKROOT)/Developer/Library/Frameworks",
					"$(inherited)",
				);
				INFOPLIST_FILE = MyTableSampleTests/Info.plist;
				LD_RUNPATH_SEARCH_PATHS = "$(inherited) @executable_path/Frameworks @loader_path/Frameworks";
				PRODUCT_NAME = "$(TARGET_NAME)";
				TEST_HOST = "$(BUILT_PRODUCTS_DIR)/MyTableSample.app/MyTableSample";
			};
			name = Release;
		};
/* End XCBuildConfiguration section */

/* Begin XCConfigurationList section */
		6B469CA91BABDEEF002CF9EF /* Build configuration list for PBXProject "MyTableSample" */ = {
			isa = XCConfigurationList;
			buildConfigurations = (
				6B469CCF1BABDEEF002CF9EF /* Debug */,
				6B469CD01BABDEEF002CF9EF /* Release */,
			);
			defaultConfigurationIsVisible = 0;
			defaultConfigurationName = Release;
		};
		6B469CD11BABDEEF002CF9EF /* Build configuration list for PBXNativeTarget "MyTableSample" */ = {
			isa = XCConfigurationList;
			buildConfigurations = (
				6B469CD21BABDEEF002CF9EF /* Debug */,
				6B469CD31BABDEEF002CF9EF /* Release */,
			);
			defaultConfigurationIsVisible = 0;
			defaultConfigurationName = Release;
		};
		6B469CD41BABDEEF002CF9EF /* Build configuration list for PBXNativeTarget "MyTableSampleTests" */ = {
			isa = XCConfigurationList;
			buildConfigurations = (
				6B469CD51BABDEEF002CF9EF /* Debug */,
				6B469CD61BABDEEF002CF9EF /* Release */,
			);
			defaultConfigurationIsVisible = 0;
			defaultConfigurationName = Release;
		};
/* End XCConfigurationList section */
	};
	rootObject = 6B469CA61BABDEEF002CF9EF /* Project object */;
}
